// !$*UTF8*$!
{
	archiveVersion = 1;
	classes = {
	};
	objectVersion = 46;
	objects = {

/* Begin PBXBuildFile section */
		E8ABF53C1E6BC05200A193C5 /* AppDelegate.swift in Sources */ = {isa = PBXBuildFile; fileRef = E8ABF53B1E6BC05200A193C5 /* AppDelegate.swift */; };
		E8ABF5411E6BC05200A193C5 /* Main.storyboard in Resources */ = {isa = PBXBuildFile; fileRef = E8ABF53F1E6BC05200A193C5 /* Main.storyboard */; };
		E8ABF5431E6BC05200A193C5 /* Assets.xcassets in Resources */ = {isa = PBXBuildFile; fileRef = E8ABF5421E6BC05200A193C5 /* Assets.xcassets */; };
		E8ABF5461E6BC05200A193C5 /* LaunchScreen.storyboard in Resources */ = {isa = PBXBuildFile; fileRef = E8ABF5441E6BC05200A193C5 /* LaunchScreen.storyboard */; };
		E8ABF54E1E6BDCB800A193C5 /* ListTableVc.swift in Sources */ = {isa = PBXBuildFile; fileRef = E8ABF54D1E6BDCB800A193C5 /* ListTableVc.swift */; };
		E8ABF5501E6BDCF100A193C5 /* DetailTableVc.swift in Sources */ = {isa = PBXBuildFile; fileRef = E8ABF54F1E6BDCF100A193C5 /* DetailTableVc.swift */; };
		E8ABF5521E6BDE4B00A193C5 /* Person.swift in Sources */ = {isa = PBXBuildFile; fileRef = E8ABF5511E6BDE4B00A193C5 /* Person.swift */; };
/* End PBXBuildFile section */

/* Begin PBXFileReference section */
		E8ABF5381E6BC05200A193C5 /* ContactDemo.app */ = {isa = PBXFileReference; explicitFileType = wrapper.application; includeInIndex = 0; path = ContactDemo.app; sourceTree = BUILT_PRODUCTS_DIR; };
		E8ABF53B1E6BC05200A193C5 /* AppDelegate.swift */ = {isa = PBXFileReference; lastKnownFileType = sourcecode.swift; path = AppDelegate.swift; sourceTree = "<group>"; };
		E8ABF5401E6BC05200A193C5 /* Base */ = {isa = PBXFileReference; lastKnownFileType = file.storyboard; name = Base; path = Base.lproj/Main.storyboard; sourceTree = "<group>"; };
		E8ABF5421E6BC05200A193C5 /* Assets.xcassets */ = {isa = PBXFileReference; lastKnownFileType = folder.assetcatalog; path = Assets.xcassets; sourceTree = "<group>"; };
		E8ABF5451E6BC05200A193C5 /* Base */ = {isa = PBXFileReference; lastKnownFileType = file.storyboard; name = Base; path = Base.lproj/LaunchScreen.storyboard; sourceTree = "<group>"; };
		E8ABF5471E6BC05200A193C5 /* Info.plist */ = {isa = PBXFileReference; lastKnownFileType = text.plist.xml; path = Info.plist; sourceTree = "<group>"; };
		E8ABF54D1E6BDCB800A193C5 /* ListTableVc.swift */ = {isa = PBXFileReference; fileEncoding = 4; lastKnownFileType = sourcecode.swift; path = ListTableVc.swift; sourceTree = "<group>"; };
		E8ABF54F1E6BDCF100A193C5 /* DetailTableVc.swift */ = {isa = PBXFileReference; fileEncoding = 4; lastKnownFileType = sourcecode.swift; path = DetailTableVc.swift; sourceTree = "<group>"; };
		E8ABF5511E6BDE4B00A193C5 /* Person.swift */ = {isa = PBXFileReference; fileEncoding = 4; lastKnownFileType = sourcecode.swift; path = Person.swift; sourceTree = "<group>"; };
/* End PBXFileReference section */

/* Begin PBXFrameworksBuildPhase section */
		E8ABF5351E6BC05200A193C5 /* Frameworks */ = {
			isa = PBXFrameworksBuildPhase;
			buildActionMask = 2147483647;
			files = (
			);
			runOnlyForDeploymentPostprocessing = 0;
		};
/* End PBXFrameworksBuildPhase section */

/* Begin PBXGroup section */
		E8ABF52F1E6BC05200A193C5 = {
			isa = PBXGroup;
			children = (
				E8ABF53A1E6BC05200A193C5 /* ContactDemo */,
				E8ABF5391E6BC05200A193C5 /* Products */,
			);
			sourceTree = "<group>";
		};
		E8ABF5391E6BC05200A193C5 /* Products */ = {
			isa = PBXGroup;
			children = (
				E8ABF5381E6BC05200A193C5 /* ContactDemo.app */,
			);
			name = Products;
			sourceTree = "<group>";
		};
		E8ABF53A1E6BC05200A193C5 /* ContactDemo */ = {
			isa = PBXGroup;
			children = (
				E8ABF53B1E6BC05200A193C5 /* AppDelegate.swift */,
				E8ABF53F1E6BC05200A193C5 /* Main.storyboard */,
				E8ABF5421E6BC05200A193C5 /* Assets.xcassets */,
				E8ABF5441E6BC05200A193C5 /* LaunchScreen.storyboard */,
				E8ABF5471E6BC05200A193C5 /* Info.plist */,
				E8ABF54D1E6BDCB800A193C5 /* ListTableVc.swift */,
				E8ABF54F1E6BDCF100A193C5 /* DetailTableVc.swift */,
				E8ABF5511E6BDE4B00A193C5 /* Person.swift */,
			);
			path = ContactDemo;
			sourceTree = "<group>";
		};
/* End PBXGroup section */

/* Begin PBXNativeTarget section */
		E8ABF5371E6BC05200A193C5 /* ContactDemo */ = {
			isa = PBXNativeTarget;
			buildConfigurationList = E8ABF54A1E6BC05200A193C5 /* Build configuration list for PBXNativeTarget "ContactDemo" */;
			buildPhases = (
				E8ABF5341E6BC05200A193C5 /* Sources */,
				E8ABF5351E6BC05200A193C5 /* Frameworks */,
				E8ABF5361E6BC05200A193C5 /* Resources */,
			);
			buildRules = (
			);
			dependencies = (
			);
			name = ContactDemo;
			productName = ContactDemo;
			productReference = E8ABF5381E6BC05200A193C5 /* ContactDemo.app */;
			productType = "com.apple.product-type.application";
		};
/* End PBXNativeTarget section */

/* Begin PBXProject section */
		E8ABF5301E6BC05200A193C5 /* Project object */ = {
			isa = PBXProject;
			attributes = {
				LastSwiftUpdateCheck = 0820;
				LastUpgradeCheck = 0820;
				ORGANIZATIONNAME = Silence;
				TargetAttributes = {
					E8ABF5371E6BC05200A193C5 = {
						CreatedOnToolsVersion = 8.2.1;
						ProvisioningStyle = Automatic;
					};
				};
			};
			buildConfigurationList = E8ABF5331E6BC05200A193C5 /* Build configuration list for PBXProject "ContactDemo" */;
			compatibilityVersion = "Xcode 3.2";
			developmentRegion = English;
			hasScannedForEncodings = 0;
			knownRegions = (
				en,
				Base,
			);
			mainGroup = E8ABF52F1E6BC05200A193C5;
			productRefGroup = E8ABF5391E6BC05200A193C5 /* Products */;
			projectDirPath = "";
			projectRoot = "";
			targets = (
				E8ABF5371E6BC05200A193C5 /* ContactDemo */,
			);
		};
/* End PBXProject section */

/* Begin PBXResourcesBuildPhase section */
		E8ABF5361E6BC05200A193C5 /* Resources */ = {
			isa = PBXResourcesBuildPhase;
			buildActionMask = 2147483647;
			files = (
				E8ABF5461E6BC05200A193C5 /* LaunchScreen.storyboard in Resources */,
				E8ABF5431E6BC05200A193C5 /* Assets.xcassets in Resources */,
				E8ABF5411E6BC05200A193C5 /* Main.storyboard in Resources */,
			);
			runOnlyForDeploymentPostprocessing = 0;
		};
/* End PBXResourcesBuildPhase section */

/* Begin PBXSourcesBuildPhase section */
		E8ABF5341E6BC05200A193C5 /* Sources */ = {
			isa = PBXSourcesBuildPhase;
			buildActionMask = 2147483647;
			files = (
				E8ABF53C1E6BC05200A193C5 /* AppDelegate.swift in Sources */,
				E8ABF5501E6BDCF100A193C5 /* DetailTableVc.swift in Sources */,
				E8ABF5521E6BDE4B00A193C5 /* Person.swift in Sources */,
				E8ABF54E1E6BDCB800A193C5 /* ListTableVc.swift in Sources */,
			);
			runOnlyForDeploymentPostprocessing = 0;
		};
/* End PBXSourcesBuildPhase section */

/* Begin PBXVariantGroup section */
		E8ABF53F1E6BC05200A193C5 /* Main.storyboard */ = {
			isa = PBXVariantGroup;
			children = (
				E8ABF5401E6BC05200A193C5 /* Base */,
			);
			name = Main.storyboard;
			sourceTree = "<group>";
		};
		E8ABF5441E6BC05200A193C5 /* LaunchScreen.storyboard */ = {
			isa = PBXVariantGroup;
			children = (
				E8ABF5451E6BC05200A193C5 /* Base */,
			);
			name = LaunchScreen.storyboard;
			sourceTree = "<group>";
		};
/* End PBXVariantGroup section */

/* Begin XCBuildConfiguration section */
		E8ABF5481E6BC05200A193C5 /* Debug */ = {
			isa = XCBuildConfiguration;
			buildSettings = {
				ALWAYS_SEARCH_USER_PATHS = NO;
				CLANG_ANALYZER_NONNULL = YES;
				CLANG_CXX_LANGUAGE_STANDARD = "gnu++0x";
				CLANG_CXX_LIBRARY = "libc++";
				CLANG_ENABLE_MODULES = YES;
				CLANG_ENABLE_OBJC_ARC = YES;
				CLANG_WARN_BOOL_CONVERSION = YES;
				CLANG_WARN_CONSTANT_CONVERSION = YES;
				CLANG_WARN_DIRECT_OBJC_ISA_USAGE = YES_ERROR;
				CLANG_WARN_DOCUMENTATION_COMMENTS = YES;
				CLANG_WARN_EMPTY_BODY = YES;
				CLANG_WARN_ENUM_CONVERSION = YES;
				CLANG_WARN_INFINITE_RECURSION = YES;
				CLANG_WARN_INT_CONVERSION = YES;
				CLANG_WARN_OBJC_ROOT_CLASS = YES_ERROR;
				CLANG_WARN_SUSPICIOUS_MOVE = YES;
				CLANG_WARN_UNREACHABLE_CODE = YES;
				CLANG_WARN__DUPLICATE_METHOD_MATCH = YES;
				"CODE_SIGN_IDENTITY[sdk=iphoneos*]" = "iPhone Developer";
				COPY_PHASE_STRIP = NO;
				DEBUG_INFORMATION_FORMAT = dwarf;
				ENABLE_STRICT_OBJC_MSGSEND = YES;
				ENABLE_TESTABILITY = YES;
				GCC_C_LANGUAGE_STANDARD = gnu99;
				GCC_DYNAMIC_NO_PIC = NO;
				GCC_NO_COMMON_BLOCKS = YES;
				GCC_OPTIMIZATION_LEVEL = 0;
				GCC_PREPROCESSOR_DEFINITIONS = (
					"DEBUG=1",
					"$(inherited)",
				);
				GCC_WARN_64_TO_32_BIT_CONVERSION = YES;
				GCC_WARN_ABOUT_RETURN_TYPE = YES_ERROR;
				GCC_WARN_UNDECLARED_SELECTOR = YES;
				GCC_WARN_UNINITIALIZED_AUTOS = YES_AGGRESSIVE;
				GCC_WARN_UNUSED_FUNCTION = YES;
				GCC_WARN_UNUSED_VARIABLE = YES;
				IPHONEOS_DEPLOYMENT_TARGET = 10.2;
				MTL_ENABLE_DEBUG_INFO = YES;
				ONLY_ACTIVE_ARCH = YES;
				SDKROOT = iphoneos;
				SWIFT_ACTIVE_COMPILATION_CONDITIONS = DEBUG;
				SWIFT_OPTIMIZATION_LEVEL = "-Onone";
				TARGETED_DEVICE_FAMILY = "1,2";
			};
			name = Debug;
		};
		E8ABF5491E6BC05200A193C5 /* Release */ = {
			isa = XCBuildConfiguration;
			buildSettings = {
				ALWAYS_SEARCH_USER_PATHS = NO;
				CLANG_ANALYZER_NONNULL = YES;
				CLANG_CXX_LANGUAGE_STANDARD = "gnu++0x";
				CLANG_CXX_LIBRARY = "libc++";
				CLANG_ENABLE_MODULES = YES;
				CLANG_ENABLE_OBJC_ARC = YES;
				CLANG_WARN_BOOL_CONVERSION = YES;
				CLANG_WARN_CONSTANT_CONVERSION = YES;
				CLANG_WARN_DIRECT_OBJC_ISA_USAGE = YES_ERROR;
				CLANG_WARN_DOCUMENTATION_COMMENTS = YES;
				CLANG_WARN_EMPTY_BODY = YES;
				CLANG_WARN_ENUM_CONVERSION = YES;
				CLANG_WARN_INFINITE_RECURSION = YES;
				CLANG_WARN_INT_CONVERSION = YES;
				CLANG_WARN_OBJC_ROOT_CLASS = YES_ERROR;
				CLANG_WARN_SUSPICIOUS_MOVE = YES;
				CLANG_WARN_UNREACHABLE_CODE = YES;
				CLANG_WARN__DUPLICATE_METHOD_MATCH = YES;
				"CODE_SIGN_IDENTITY[sdk=iphoneos*]" = "iPhone Developer";
				COPY_PHASE_STRIP = NO;
				DEBUG_INFORMATION_FORMAT = "dwarf-with-dsym";
				ENABLE_NS_ASSERTIONS = NO;
				ENABLE_STRICT_OBJC_MSGSEND = YES;
				GCC_C_LANGUAGE_STANDARD = gnu99;
				GCC_NO_COMMON_BLOCKS = YES;
				GCC_WARN_64_TO_32_BIT_CONVERSION = YES;
				GCC_WARN_ABOUT_RETURN_TYPE = YES_ERROR;
				GCC_WARN_UNDECLARED_SELECTOR = YES;
				GCC_WARN_UNINITIALIZED_AUTOS = YES_AGGRESSIVE;
				GCC_WARN_UNUSED_FUNCTION = YES;
				GCC_WARN_UNUSED_VARIABLE = YES;
				IPHONEOS_DEPLOYMENT_TARGET = 10.2;
				MTL_ENABLE_DEBUG_INFO = NO;
				SDKROOT = iphoneos;
				SWIFT_OPTIMIZATION_LEVEL = "-Owholemodule";
				TARGETED_DEVICE_FAMILY = "1,2";
				VALIDATE_PRODUCT = YES;
			};
			name = Release;
		};
		E8ABF54B1E6BC05200A193C5 /* Debug */ = {
			isa = XCBuildConfiguration;
			buildSettings = {
				ASSETCATALOG_COMPILER_APPICON_NAME = AppIcon;
				INFOPLIST_FILE = ContactDemo/Info.plist;
				LD_RUNPATH_SEARCH_PATHS = "$(inherited) @executable_path/Frameworks";
				PRODUCT_BUNDLE_IDENTIFIER = com.silence.ContactDemo;
				PRODUCT_NAME = "$(TARGET_NAME)";
				SWIFT_VERSION = 3.0;
			};
			name = Debug;
		};
		E8ABF54C1E6BC05200A193C5 /* Release */ = {
			isa = XCBuildConfiguration;
			buildSettings = {
				ASSETCATALOG_COMPILER_APPICON_NAME = AppIcon;
				INFOPLIST_FILE = ContactDemo/Info.plist;
				LD_RUNPATH_SEARCH_PATHS = "$(inherited) @executable_path/Frameworks";
				PRODUCT_BUNDLE_IDENTIFIER = com.silence.ContactDemo;
				PRODUCT_NAME = "$(TARGET_NAME)";
				SWIFT_VERSION = 3.0;
			};
			name = Release;
		};
/* End XCBuildConfiguration section */

/* Begin XCConfigurationList section */
		E8ABF5331E6BC05200A193C5 /* Build configuration list for PBXProject "ContactDemo" */ = {
			isa = XCConfigurationList;
			buildConfigurations = (
				E8ABF5481E6BC05200A193C5 /* Debug */,
				E8ABF5491E6BC05200A193C5 /* Release */,
			);
			defaultConfigurationIsVisible = 0;
			defaultConfigurationName = Release;
		};
		E8ABF54A1E6BC05200A193C5 /* Build configuration list for PBXNativeTarget "ContactDemo" */ = {
			isa = XCConfigurationList;
			buildConfigurations = (
				E8ABF54B1E6BC05200A193C5 /* Debug */,
				E8ABF54C1E6BC05200A193C5 /* Release */,
			);
			defaultConfigurationIsVisible = 0;
		};
/* End XCConfigurationList section */
	};
	rootObject = E8ABF5301E6BC05200A193C5 /* Project object */;
}
